// !$*UTF8*$!
{
	archiveVersion = 1;
	classes = {
	};
	objectVersion = 52;
	objects = {

/* Begin PBXBuildFile section */
		EB41486127BAFD5200004EA4 /* Kingfisher in Frameworks */ = {isa = PBXBuildFile; productRef = EB41486027BAFD5200004EA4 /* Kingfisher */; };
		EB9BF28D27BAE59B00B1B8CA /* SerieTableViewCell.swift in Sources */ = {isa = PBXBuildFile; fileRef = EB9BF28B27BAE59B00B1B8CA /* SerieTableViewCell.swift */; };
		EB9BF28E27BAE59B00B1B8CA /* SerieTableViewCell.xib in Resources */ = {isa = PBXBuildFile; fileRef = EB9BF28C27BAE59B00B1B8CA /* SerieTableViewCell.xib */; };
		EBACD74227B56C1F009B91FC /* AppDelegate.swift in Sources */ = {isa = PBXBuildFile; fileRef = EBACD74127B56C1F009B91FC /* AppDelegate.swift */; };
		EBACD74427B56C1F009B91FC /* SceneDelegate.swift in Sources */ = {isa = PBXBuildFile; fileRef = EBACD74327B56C1F009B91FC /* SceneDelegate.swift */; };
		EBACD74627B56C1F009B91FC /* SerieViewController.swift in Sources */ = {isa = PBXBuildFile; fileRef = EBACD74527B56C1F009B91FC /* SerieViewController.swift */; };
		EBACD74927B56C1F009B91FC /* Main.storyboard in Resources */ = {isa = PBXBuildFile; fileRef = EBACD74727B56C1F009B91FC /* Main.storyboard */; };
		EBACD74B27B56C2A009B91FC /* Assets.xcassets in Resources */ = {isa = PBXBuildFile; fileRef = EBACD74A27B56C2A009B91FC /* Assets.xcassets */; };
		EBACD74E27B56C2A009B91FC /* LaunchScreen.storyboard in Resources */ = {isa = PBXBuildFile; fileRef = EBACD74C27B56C2A009B91FC /* LaunchScreen.storyboard */; };
		EBCB416527B6E70F0020983E /* Serie.swift in Sources */ = {isa = PBXBuildFile; fileRef = EBCB416427B6E70F0020983E /* Serie.swift */; };
		EBCB416A27B6F25C0020983E /* Episode.swift in Sources */ = {isa = PBXBuildFile; fileRef = EBCB416927B6F25C0020983E /* Episode.swift */; };
		EBCB416E27B6F4090020983E /* Person.swift in Sources */ = {isa = PBXBuildFile; fileRef = EBCB416D27B6F4090020983E /* Person.swift */; };
		EBCB417227B6F6880020983E /* Alamofire in Frameworks */ = {isa = PBXBuildFile; productRef = EBCB417127B6F6880020983E /* Alamofire */; };
		EBCB417527B6F8A20020983E /* NetworkingProvider.swift in Sources */ = {isa = PBXBuildFile; fileRef = EBCB417427B6F8A20020983E /* NetworkingProvider.swift */; };
		EBCB417927B704620020983E /* Moya in Frameworks */ = {isa = PBXBuildFile; productRef = EBCB417827B704620020983E /* Moya */; };
		EBCE53B127C445AA004C8D69 /* SerieDetailsViewController.swift in Sources */ = {isa = PBXBuildFile; fileRef = EBCE53B027C445AA004C8D69 /* SerieDetailsViewController.swift */; };
/* End PBXBuildFile section */

/* Begin PBXFileReference section */
		EB9BF28B27BAE59B00B1B8CA /* SerieTableViewCell.swift */ = {isa = PBXFileReference; lastKnownFileType = sourcecode.swift; path = SerieTableViewCell.swift; sourceTree = "<group>"; };
		EB9BF28C27BAE59B00B1B8CA /* SerieTableViewCell.xib */ = {isa = PBXFileReference; lastKnownFileType = file.xib; path = SerieTableViewCell.xib; sourceTree = "<group>"; };
		EBACD73E27B56C1F009B91FC /* VmazeWebsite.app */ = {isa = PBXFileReference; explicitFileType = wrapper.application; includeInIndex = 0; path = VmazeWebsite.app; sourceTree = BUILT_PRODUCTS_DIR; };
		EBACD74127B56C1F009B91FC /* AppDelegate.swift */ = {isa = PBXFileReference; lastKnownFileType = sourcecode.swift; path = AppDelegate.swift; sourceTree = "<group>"; };
		EBACD74327B56C1F009B91FC /* SceneDelegate.swift */ = {isa = PBXFileReference; lastKnownFileType = sourcecode.swift; path = SceneDelegate.swift; sourceTree = "<group>"; };
		EBACD74527B56C1F009B91FC /* SerieViewController.swift */ = {isa = PBXFileReference; lastKnownFileType = sourcecode.swift; path = SerieViewController.swift; sourceTree = "<group>"; };
		EBACD74827B56C1F009B91FC /* Base */ = {isa = PBXFileReference; lastKnownFileType = file.storyboard; name = Base; path = Base.lproj/Main.storyboard; sourceTree = "<group>"; };
		EBACD74A27B56C2A009B91FC /* Assets.xcassets */ = {isa = PBXFileReference; lastKnownFileType = folder.assetcatalog; path = Assets.xcassets; sourceTree = "<group>"; };
		EBACD74D27B56C2A009B91FC /* Base */ = {isa = PBXFileReference; lastKnownFileType = file.storyboard; name = Base; path = Base.lproj/LaunchScreen.storyboard; sourceTree = "<group>"; };
		EBACD74F27B56C2A009B91FC /* Info.plist */ = {isa = PBXFileReference; lastKnownFileType = text.plist.xml; path = Info.plist; sourceTree = "<group>"; };
		EBCB416427B6E70F0020983E /* Serie.swift */ = {isa = PBXFileReference; lastKnownFileType = sourcecode.swift; path = Serie.swift; sourceTree = "<group>"; };
		EBCB416927B6F25C0020983E /* Episode.swift */ = {isa = PBXFileReference; lastKnownFileType = sourcecode.swift; path = Episode.swift; sourceTree = "<group>"; };
		EBCB416D27B6F4090020983E /* Person.swift */ = {isa = PBXFileReference; lastKnownFileType = sourcecode.swift; path = Person.swift; sourceTree = "<group>"; };
		EBCB417427B6F8A20020983E /* NetworkingProvider.swift */ = {isa = PBXFileReference; lastKnownFileType = sourcecode.swift; path = NetworkingProvider.swift; sourceTree = "<group>"; };
		EBCE53B027C445AA004C8D69 /* SerieDetailsViewController.swift */ = {isa = PBXFileReference; lastKnownFileType = sourcecode.swift; path = SerieDetailsViewController.swift; sourceTree = "<group>"; };
/* End PBXFileReference section */

/* Begin PBXFrameworksBuildPhase section */
		EBACD73B27B56C1F009B91FC /* Frameworks */ = {
			isa = PBXFrameworksBuildPhase;
			buildActionMask = 2147483647;
			files = (
				EB41486127BAFD5200004EA4 /* Kingfisher in Frameworks */,
				EBCB417927B704620020983E /* Moya in Frameworks */,
				EBCB417227B6F6880020983E /* Alamofire in Frameworks */,
			);
			runOnlyForDeploymentPostprocessing = 0;
		};
/* End PBXFrameworksBuildPhase section */

/* Begin PBXGroup section */
		EBACD73527B56C1F009B91FC = {
			isa = PBXGroup;
			children = (
				EBACD74027B56C1F009B91FC /* VmazeWebsite */,
				EBACD73F27B56C1F009B91FC /* Products */,
			);
			sourceTree = "<group>";
		};
		EBACD73F27B56C1F009B91FC /* Products */ = {
			isa = PBXGroup;
			children = (
				EBACD73E27B56C1F009B91FC /* VmazeWebsite.app */,
			);
			name = Products;
			sourceTree = "<group>";
		};
		EBACD74027B56C1F009B91FC /* VmazeWebsite */ = {
			isa = PBXGroup;
			children = (
				EBCB416327B6DF650020983E /* Controller */,
				EBCB416227B6DF610020983E /* View */,
				EBCB416127B6DF5E0020983E /* Model */,
				EBACD74127B56C1F009B91FC /* AppDelegate.swift */,
				EBACD74327B56C1F009B91FC /* SceneDelegate.swift */,
				EBACD74A27B56C2A009B91FC /* Assets.xcassets */,
				EBACD74F27B56C2A009B91FC /* Info.plist */,
			);
			path = VmazeWebsite;
			sourceTree = "<group>";
		};
		EBCB416127B6DF5E0020983E /* Model */ = {
			isa = PBXGroup;
			children = (
				EBCB416427B6E70F0020983E /* Serie.swift */,
				EBCB416927B6F25C0020983E /* Episode.swift */,
				EBCB416D27B6F4090020983E /* Person.swift */,
				EBCB417427B6F8A20020983E /* NetworkingProvider.swift */,
			);
			path = Model;
			sourceTree = "<group>";
		};
		EBCB416227B6DF610020983E /* View */ = {
			isa = PBXGroup;
			children = (
				EB9BF28C27BAE59B00B1B8CA /* SerieTableViewCell.xib */,
				EBACD74727B56C1F009B91FC /* Main.storyboard */,
				EBACD74C27B56C2A009B91FC /* LaunchScreen.storyboard */,
			);
			path = View;
			sourceTree = "<group>";
		};
		EBCB416327B6DF650020983E /* Controller */ = {
			isa = PBXGroup;
			children = (
				EBACD74527B56C1F009B91FC /* SerieViewController.swift */,
				EB9BF28B27BAE59B00B1B8CA /* SerieTableViewCell.swift */,
				EBCE53B027C445AA004C8D69 /* SerieDetailsViewController.swift */,
			);
			path = Controller;
			sourceTree = "<group>";
		};
/* End PBXGroup section */

/* Begin PBXNativeTarget section */
		EBACD73D27B56C1F009B91FC /* VmazeWebsite */ = {
			isa = PBXNativeTarget;
			buildConfigurationList = EBACD75227B56C2A009B91FC /* Build configuration list for PBXNativeTarget "VmazeWebsite" */;
			buildPhases = (
				EBACD73A27B56C1F009B91FC /* Sources */,
				EBACD73B27B56C1F009B91FC /* Frameworks */,
				EBACD73C27B56C1F009B91FC /* Resources */,
			);
			buildRules = (
			);
			dependencies = (
			);
			name = VmazeWebsite;
			packageProductDependencies = (
				EBCB417127B6F6880020983E /* Alamofire */,
				EBCB417827B704620020983E /* Moya */,
				EB41486027BAFD5200004EA4 /* Kingfisher */,
			);
			productName = VmazeWebsite;
			productReference = EBACD73E27B56C1F009B91FC /* VmazeWebsite.app */;
			productType = "com.apple.product-type.application";
		};
/* End PBXNativeTarget section */

/* Begin PBXProject section */
		EBACD73627B56C1F009B91FC /* Project object */ = {
			isa = PBXProject;
			attributes = {
				LastSwiftUpdateCheck = 1240;
				LastUpgradeCheck = 1240;
				TargetAttributes = {
					EBACD73D27B56C1F009B91FC = {
						CreatedOnToolsVersion = 12.4;
					};
				};
			};
			buildConfigurationList = EBACD73927B56C1F009B91FC /* Build configuration list for PBXProject "VmazeWebsite" */;
			compatibilityVersion = "Xcode 9.3";
			developmentRegion = en;
			hasScannedForEncodings = 0;
			knownRegions = (
				en,
				Base,
			);
			mainGroup = EBACD73527B56C1F009B91FC;
			packageReferences = (
				EBCB417027B6F6880020983E /* XCRemoteSwiftPackageReference "Alamofire" */,
				EBCB417727B704620020983E /* XCRemoteSwiftPackageReference "Moya" */,
				EB41485F27BAFD5200004EA4 /* XCRemoteSwiftPackageReference "Kingfisher" */,
			);
			productRefGroup = EBACD73F27B56C1F009B91FC /* Products */;
			projectDirPath = "";
			projectRoot = "";
			targets = (
				EBACD73D27B56C1F009B91FC /* VmazeWebsite */,
			);
		};
/* End PBXProject section */

/* Begin PBXResourcesBuildPhase section */
		EBACD73C27B56C1F009B91FC /* Resources */ = {
			isa = PBXResourcesBuildPhase;
			buildActionMask = 2147483647;
			files = (
				EBACD74E27B56C2A009B91FC /* LaunchScreen.storyboard in Resources */,
				EBACD74B27B56C2A009B91FC /* Assets.xcassets in Resources */,
				EBACD74927B56C1F009B91FC /* Main.storyboard in Resources */,
				EB9BF28E27BAE59B00B1B8CA /* SerieTableViewCell.xib in Resources */,
			);
			runOnlyForDeploymentPostprocessing = 0;
		};
/* End PBXResourcesBuildPhase section */

/* Begin PBXSourcesBuildPhase section */
		EBACD73A27B56C1F009B91FC /* Sources */ = {
			isa = PBXSourcesBuildPhase;
			buildActionMask = 2147483647;
			files = (
				EBCB416E27B6F4090020983E /* Person.swift in Sources */,
				EBCB417527B6F8A20020983E /* NetworkingProvider.swift in Sources */,
				EBCE53B127C445AA004C8D69 /* SerieDetailsViewController.swift in Sources */,
				EBACD74627B56C1F009B91FC /* SerieViewController.swift in Sources */,
				EBCB416A27B6F25C0020983E /* Episode.swift in Sources */,
				EBACD74227B56C1F009B91FC /* AppDelegate.swift in Sources */,
				EBCB416527B6E70F0020983E /* Serie.swift in Sources */,
				EBACD74427B56C1F009B91FC /* SceneDelegate.swift in Sources */,
				EB9BF28D27BAE59B00B1B8CA /* SerieTableViewCell.swift in Sources */,
			);
			runOnlyForDeploymentPostprocessing = 0;
		};
/* End PBXSourcesBuildPhase section */

/* Begin PBXVariantGroup section */
		EBACD74727B56C1F009B91FC /* Main.storyboard */ = {
			isa = PBXVariantGroup;
			children = (
				EBACD74827B56C1F009B91FC /* Base */,
			);
			name = Main.storyboard;
			sourceTree = "<group>";
		};
		EBACD74C27B56C2A009B91FC /* LaunchScreen.storyboard */ = {
			isa = PBXVariantGroup;
			children = (
				EBACD74D27B56C2A009B91FC /* Base */,
			);
			name = LaunchScreen.storyboard;
			sourceTree = "<group>";
		};
/* End PBXVariantGroup section */

/* Begin XCBuildConfiguration section */
		EBACD75027B56C2A009B91FC /* Debug */ = {
			isa = XCBuildConfiguration;
			buildSettings = {
				ALWAYS_SEARCH_USER_PATHS = NO;
				CLANG_ANALYZER_NONNULL = YES;
				CLANG_ANALYZER_NUMBER_OBJECT_CONVERSION = YES_AGGRESSIVE;
				CLANG_CXX_LANGUAGE_STANDARD = "gnu++14";
				CLANG_CXX_LIBRARY = "libc++";
				CLANG_ENABLE_MODULES = YES;
				CLANG_ENABLE_OBJC_ARC = YES;
				CLANG_ENABLE_OBJC_WEAK = YES;
				CLANG_WARN_BLOCK_CAPTURE_AUTORELEASING = YES;
				CLANG_WARN_BOOL_CONVERSION = YES;
				CLANG_WARN_COMMA = YES;
				CLANG_WARN_CONSTANT_CONVERSION = YES;
				CLANG_WARN_DEPRECATED_OBJC_IMPLEMENTATIONS = YES;
				CLANG_WARN_DIRECT_OBJC_ISA_USAGE = YES_ERROR;
				CLANG_WARN_DOCUMENTATION_COMMENTS = YES;
				CLANG_WARN_EMPTY_BODY = YES;
				CLANG_WARN_ENUM_CONVERSION = YES;
				CLANG_WARN_INFINITE_RECURSION = YES;
				CLANG_WARN_INT_CONVERSION = YES;
				CLANG_WARN_NON_LITERAL_NULL_CONVERSION = YES;
				CLANG_WARN_OBJC_IMPLICIT_RETAIN_SELF = YES;
				CLANG_WARN_OBJC_LITERAL_CONVERSION = YES;
				CLANG_WARN_OBJC_ROOT_CLASS = YES_ERROR;
				CLANG_WARN_QUOTED_INCLUDE_IN_FRAMEWORK_HEADER = YES;
				CLANG_WARN_RANGE_LOOP_ANALYSIS = YES;
				CLANG_WARN_STRICT_PROTOTYPES = YES;
				CLANG_WARN_SUSPICIOUS_MOVE = YES;
				CLANG_WARN_UNGUARDED_AVAILABILITY = YES_AGGRESSIVE;
				CLANG_WARN_UNREACHABLE_CODE = YES;
				CLANG_WARN__DUPLICATE_METHOD_MATCH = YES;
				COPY_PHASE_STRIP = NO;
				DEBUG_INFORMATION_FORMAT = dwarf;
				ENABLE_STRICT_OBJC_MSGSEND = YES;
				ENABLE_TESTABILITY = YES;
				GCC_C_LANGUAGE_STANDARD = gnu11;
				GCC_DYNAMIC_NO_PIC = NO;
				GCC_NO_COMMON_BLOCKS = YES;
				GCC_OPTIMIZATION_LEVEL = 0;
				GCC_PREPROCESSOR_DEFINITIONS = (
					"DEBUG=1",
					"$(inherited)",
				);
				GCC_WARN_64_TO_32_BIT_CONVERSION = YES;
				GCC_WARN_ABOUT_RETURN_TYPE = YES_ERROR;
				GCC_WARN_UNDECLARED_SELECTOR = YES;
				GCC_WARN_UNINITIALIZED_AUTOS = YES_AGGRESSIVE;
				GCC_WARN_UNUSED_FUNCTION = YES;
				GCC_WARN_UNUSED_VARIABLE = YES;
				IPHONEOS_DEPLOYMENT_TARGET = 14.4;
				MTL_ENABLE_DEBUG_INFO = INCLUDE_SOURCE;
				MTL_FAST_MATH = YES;
				ONLY_ACTIVE_ARCH = YES;
				SDKROOT = iphoneos;
				SWIFT_ACTIVE_COMPILATION_CONDITIONS = DEBUG;
				SWIFT_OPTIMIZATION_LEVEL = "-Onone";
			};
			name = Debug;
		};
		EBACD75127B56C2A009B91FC /* Release */ = {
			isa = XCBuildConfiguration;
			buildSettings = {
				ALWAYS_SEARCH_USER_PATHS = NO;
				CLANG_ANALYZER_NONNULL = YES;
				CLANG_ANALYZER_NUMBER_OBJECT_CONVERSION = YES_AGGRESSIVE;
				CLANG_CXX_LANGUAGE_STANDARD = "gnu++14";
				CLANG_CXX_LIBRARY = "libc++";
				CLANG_ENABLE_MODULES = YES;
				CLANG_ENABLE_OBJC_ARC = YES;
				CLANG_ENABLE_OBJC_WEAK = YES;
				CLANG_WARN_BLOCK_CAPTURE_AUTORELEASING = YES;
				CLANG_WARN_BOOL_CONVERSION = YES;
				CLANG_WARN_COMMA = YES;
				CLANG_WARN_CONSTANT_CONVERSION = YES;
				CLANG_WARN_DEPRECATED_OBJC_IMPLEMENTATIONS = YES;
				CLANG_WARN_DIRECT_OBJC_ISA_USAGE = YES_ERROR;
				CLANG_WARN_DOCUMENTATION_COMMENTS = YES;
				CLANG_WARN_EMPTY_BODY = YES;
				CLANG_WARN_ENUM_CONVERSION = YES;
				CLANG_WARN_INFINITE_RECURSION = YES;
				CLANG_WARN_INT_CONVERSION = YES;
				CLANG_WARN_NON_LITERAL_NULL_CONVERSION = YES;
				CLANG_WARN_OBJC_IMPLICIT_RETAIN_SELF = YES;
				CLANG_WARN_OBJC_LITERAL_CONVERSION = YES;
				CLANG_WARN_OBJC_ROOT_CLASS = YES_ERROR;
				CLANG_WARN_QUOTED_INCLUDE_IN_FRAMEWORK_HEADER = YES;
				CLANG_WARN_RANGE_LOOP_ANALYSIS = YES;
				CLANG_WARN_STRICT_PROTOTYPES = YES;
				CLANG_WARN_SUSPICIOUS_MOVE = YES;
				CLANG_WARN_UNGUARDED_AVAILABILITY = YES_AGGRESSIVE;
				CLANG_WARN_UNREACHABLE_CODE = YES;
				CLANG_WARN__DUPLICATE_METHOD_MATCH = YES;
				COPY_PHASE_STRIP = NO;
				DEBUG_INFORMATION_FORMAT = "dwarf-with-dsym";
				ENABLE_NS_ASSERTIONS = NO;
				ENABLE_STRICT_OBJC_MSGSEND = YES;
				GCC_C_LANGUAGE_STANDARD = gnu11;
				GCC_NO_COMMON_BLOCKS = YES;
				GCC_WARN_64_TO_32_BIT_CONVERSION = YES;
				GCC_WARN_ABOUT_RETURN_TYPE = YES_ERROR;
				GCC_WARN_UNDECLARED_SELECTOR = YES;
				GCC_WARN_UNINITIALIZED_AUTOS = YES_AGGRESSIVE;
				GCC_WARN_UNUSED_FUNCTION = YES;
				GCC_WARN_UNUSED_VARIABLE = YES;
				IPHONEOS_DEPLOYMENT_TARGET = 14.4;
				MTL_ENABLE_DEBUG_INFO = NO;
				MTL_FAST_MATH = YES;
				SDKROOT = iphoneos;
				SWIFT_COMPILATION_MODE = wholemodule;
				SWIFT_OPTIMIZATION_LEVEL = "-O";
				VALIDATE_PRODUCT = YES;
			};
			name = Release;
		};
		EBACD75327B56C2A009B91FC /* Debug */ = {
			isa = XCBuildConfiguration;
			buildSettings = {
				ASSETCATALOG_COMPILER_APPICON_NAME = AppIcon;
				ASSETCATALOG_COMPILER_GLOBAL_ACCENT_COLOR_NAME = AccentColor;
				CODE_SIGN_STYLE = Automatic;
				INFOPLIST_FILE = VmazeWebsite/Info.plist;
				LD_RUNPATH_SEARCH_PATHS = (
					"$(inherited)",
					"@executable_path/Frameworks",
				);
				PRODUCT_BUNDLE_IDENTIFIER = com.pedrovalderrama.testingSi123.VmazeWebsite;
				PRODUCT_NAME = "$(TARGET_NAME)";
				SWIFT_VERSION = 5.0;
				TARGETED_DEVICE_FAMILY = "1,2";
			};
			name = Debug;
		};
		EBACD75427B56C2A009B91FC /* Release */ = {
			isa = XCBuildConfiguration;
			buildSettings = {
				ASSETCATALOG_COMPILER_APPICON_NAME = AppIcon;
				ASSETCATALOG_COMPILER_GLOBAL_ACCENT_COLOR_NAME = AccentColor;
				CODE_SIGN_STYLE = Automatic;
				INFOPLIST_FILE = VmazeWebsite/Info.plist;
				LD_RUNPATH_SEARCH_PATHS = (
					"$(inherited)",
					"@executable_path/Frameworks",
				);
				PRODUCT_BUNDLE_IDENTIFIER = com.pedrovalderrama.testingSi123.VmazeWebsite;
				PRODUCT_NAME = "$(TARGET_NAME)";
				SWIFT_VERSION = 5.0;
				TARGETED_DEVICE_FAMILY = "1,2";
			};
			name = Release;
		};
/* End XCBuildConfiguration section */

/* Begin XCConfigurationList section */
		EBACD73927B56C1F009B91FC /* Build configuration list for PBXProject "VmazeWebsite" */ = {
			isa = XCConfigurationList;
			buildConfigurations = (
				EBACD75027B56C2A009B91FC /* Debug */,
				EBACD75127B56C2A009B91FC /* Release */,
			);
			defaultConfigurationIsVisible = 0;
			defaultConfigurationName = Release;
		};
		EBACD75227B56C2A009B91FC /* Build configuration list for PBXNativeTarget "VmazeWebsite" */ = {
			isa = XCConfigurationList;
			buildConfigurations = (
				EBACD75327B56C2A009B91FC /* Debug */,
				EBACD75427B56C2A009B91FC /* Release */,
			);
			defaultConfigurationIsVisible = 0;
			defaultConfigurationName = Release;
		};
/* End XCConfigurationList section */

/* Begin XCRemoteSwiftPackageReference section */
		EB41485F27BAFD5200004EA4 /* XCRemoteSwiftPackageReference "Kingfisher" */ = {
			isa = XCRemoteSwiftPackageReference;
			repositoryURL = "https://github.com/onevcat/Kingfisher.git";
			requirement = {
				kind = upToNextMajorVersion;
				minimumVersion = 7.1.2;
			};
		};
		EBCB417027B6F6880020983E /* XCRemoteSwiftPackageReference "Alamofire" */ = {
			isa = XCRemoteSwiftPackageReference;
			repositoryURL = "https://github.com/Alamofire/Alamofire.git";
			requirement = {
				kind = upToNextMajorVersion;
				minimumVersion = 5.0.0;
			};
		};
		EBCB417727B704620020983E /* XCRemoteSwiftPackageReference "Moya" */ = {
			isa = XCRemoteSwiftPackageReference;
			repositoryURL = "https://github.com/Moya/Moya.git";
			requirement = {
				kind = upToNextMajorVersion;
				minimumVersion = 15.0.0;
			};
		};
/* End XCRemoteSwiftPackageReference section */

/* Begin XCSwiftPackageProductDependency section */
		EB41486027BAFD5200004EA4 /* Kingfisher */ = {
			isa = XCSwiftPackageProductDependency;
			package = EB41485F27BAFD5200004EA4 /* XCRemoteSwiftPackageReference "Kingfisher" */;
			productName = Kingfisher;
		};
		EBCB417127B6F6880020983E /* Alamofire */ = {
			isa = XCSwiftPackageProductDependency;
			package = EBCB417027B6F6880020983E /* XCRemoteSwiftPackageReference "Alamofire" */;
			productName = Alamofire;
		};
		EBCB417827B704620020983E /* Moya */ = {
			isa = XCSwiftPackageProductDependency;
			package = EBCB417727B704620020983E /* XCRemoteSwiftPackageReference "Moya" */;
			productName = Moya;
		};
/* End XCSwiftPackageProductDependency section */
	};
	rootObject = EBACD73627B56C1F009B91FC /* Project object */;
}
